
Microsoft Visual Studio Solution File, Format Version 12.00
# Visual Studio 14
VisualStudioVersion = 14.0.25420.1
MinimumVisualStudioVersion = 10.0.40219.1
Project("{F088123C-0E9E-452A-89E6-6BA2F21D5CAC}") = "ERPModeling", "ERPModeling\ERPModeling.modelproj", "{8650CEB0-7B7D-4FB5-891E-EA44910D7C3E}"
EndProject
Project("{FAE04EC0-301F-11D3-BF4B-00C04F79EFBC}") = "PuraSolutions.ERP.Business.Customer", "PuraSolutions.ERP.Business.Customer\PuraSolutions.ERP.Business.Customer.csproj", "{9EC86C38-987C-458F-B61B-B2E505E3AC2D}"
EndProject
Project("{2150E333-8FDC-42A3-9474-1A3956D46DE8}") = "1. Presentation Layer", "1. Presentation Layer", "{DCF4CD80-8624-4568-A62E-142861F43E9A}"
EndProject
Project("{2150E333-8FDC-42A3-9474-1A3956D46DE8}") = "2. Service Layer", "2. Service Layer", "{9984F161-A120-48DB-8BB7-7F421CEB8108}"
EndProject
Project("{2150E333-8FDC-42A3-9474-1A3956D46DE8}") = "3. Business Layer", "3. Business Layer", "{88ED0431-109B-4D90-87D7-41E5909262D3}"
EndProject
Project("{2150E333-8FDC-42A3-9474-1A3956D46DE8}") = "4. Data Layer", "4. Data Layer", "{DB263883-A7E7-4DD3-924C-C760F5ACA838}"
EndProject
Project("{2150E333-8FDC-42A3-9474-1A3956D46DE8}") = "5. Modeling", "5. Modeling", "{0750882D-58C7-4025-B912-5E57FA115D53}"
EndProject
Project("{FAE04EC0-301F-11D3-BF4B-00C04F79EFBC}") = "PuraSolutions.ERP.Data.Ado.Customer", "PuraSolutions.ERP.Data.Ado.Customer\PuraSolutions.ERP.Data.Ado.Customer.csproj", "{9674C21F-0FCB-4FA5-8406-F911593E90EC}"
EndProject
Project("{2150E333-8FDC-42A3-9474-1A3956D46DE8}") = "Angular", "Angular", "{BE2D10A0-D603-4AFC-8829-77F6C0531096}"
EndProject
Project("{2150E333-8FDC-42A3-9474-1A3956D46DE8}") = "Windows", "Windows", "{D94AD7E6-78D5-47F0-A92C-1BDB69B99C19}"
EndProject
Project("{2150E333-8FDC-42A3-9474-1A3956D46DE8}") = "Web", "Web", "{941E6EA6-615B-4217-92E3-BD618E9ED3E0}"
EndProject
Project("{2150E333-8FDC-42A3-9474-1A3956D46DE8}") = "6. Core", "6. Core", "{9FCA8CC0-F14A-4443-B7AA-774A1986800C}"
EndProject
Project("{2150E333-8FDC-42A3-9474-1A3956D46DE8}") = "7. Libraries", "7. Libraries", "{7CDF87E6-C20A-4A36-A14E-D09961F951FA}"
EndProject
Project("{FAE04EC0-301F-11D3-BF4B-00C04F79EFBC}") = "PuraSolutions.ERP.Core", "PuraSolutions.ERP.Core\PuraSolutions.ERP.Core.csproj", "{071FF2C2-339E-41F0-9676-38CDE6762D08}"
EndProject
Project("{2150E333-8FDC-42A3-9474-1A3956D46DE8}") = "Console", "Console", "{29497F84-1CC1-43D9-ACEF-AECBE19F4200}"
EndProject
Project("{FAE04EC0-301F-11D3-BF4B-00C04F79EFBC}") = "PuraSolutions.ERP.ConsoleApp", "PuraSolutions.ERP.ConsoleApp\PuraSolutions.ERP.ConsoleApp.csproj", "{A72FBD9D-96D9-4448-B358-5BAEAF4CE346}"
EndProject
Global
	GlobalSection(SolutionConfigurationPlatforms) = preSolution
		Debug|Any CPU = Debug|Any CPU
		Release|Any CPU = Release|Any CPU
	EndGlobalSection
	GlobalSection(ProjectConfigurationPlatforms) = postSolution
		{8650CEB0-7B7D-4FB5-891E-EA44910D7C3E}.Debug|Any CPU.ActiveCfg = Debug|Any CPU
		{8650CEB0-7B7D-4FB5-891E-EA44910D7C3E}.Debug|Any CPU.Build.0 = Debug|Any CPU
		{8650CEB0-7B7D-4FB5-891E-EA44910D7C3E}.Release|Any CPU.ActiveCfg = Release|Any CPU
		{8650CEB0-7B7D-4FB5-891E-EA44910D7C3E}.Release|Any CPU.Build.0 = Release|Any CPU
		{9EC86C38-987C-458F-B61B-B2E505E3AC2D}.Debug|Any CPU.ActiveCfg = Debug|Any CPU
		{9EC86C38-987C-458F-B61B-B2E505E3AC2D}.Debug|Any CPU.Build.0 = Debug|Any CPU
		{9EC86C38-987C-458F-B61B-B2E505E3AC2D}.Release|Any CPU.ActiveCfg = Release|Any CPU
		{9EC86C38-987C-458F-B61B-B2E505E3AC2D}.Release|Any CPU.Build.0 = Release|Any CPU
		{9674C21F-0FCB-4FA5-8406-F911593E90EC}.Debug|Any CPU.ActiveCfg = Debug|Any CPU
		{9674C21F-0FCB-4FA5-8406-F911593E90EC}.Debug|Any CPU.Build.0 = Debug|Any CPU
		{9674C21F-0FCB-4FA5-8406-F911593E90EC}.Release|Any CPU.ActiveCfg = Release|Any CPU
		{9674C21F-0FCB-4FA5-8406-F911593E90EC}.Release|Any CPU.Build.0 = Release|Any CPU
		{071FF2C2-339E-41F0-9676-38CDE6762D08}.Debug|Any CPU.ActiveCfg = Debug|Any CPU
		{071FF2C2-339E-41F0-9676-38CDE6762D08}.Debug|Any CPU.Build.0 = Debug|Any CPU
		{071FF2C2-339E-41F0-9676-38CDE6762D08}.Release|Any CPU.ActiveCfg = Release|Any CPU
		{071FF2C2-339E-41F0-9676-38CDE6762D08}.Release|Any CPU.Build.0 = Release|Any CPU
		{A72FBD9D-96D9-4448-B358-5BAEAF4CE346}.Debug|Any CPU.ActiveCfg = Debug|Any CPU
		{A72FBD9D-96D9-4448-B358-5BAEAF4CE346}.Debug|Any CPU.Build.0 = Debug|Any CPU
		{A72FBD9D-96D9-4448-B358-5BAEAF4CE346}.Release|Any CPU.ActiveCfg = Release|Any CPU
		{A72FBD9D-96D9-4448-B358-5BAEAF4CE346}.Release|Any CPU.Build.0 = Release|Any CPU
	EndGlobalSection
	GlobalSection(SolutionProperties) = preSolution
		HideSolutionNode = FALSE
	EndGlobalSection
	GlobalSection(NestedProjects) = preSolution
		{8650CEB0-7B7D-4FB5-891E-EA44910D7C3E} = {0750882D-58C7-4025-B912-5E57FA115D53}
		{9EC86C38-987C-458F-B61B-B2E505E3AC2D} = {88ED0431-109B-4D90-87D7-41E5909262D3}
		{9674C21F-0FCB-4FA5-8406-F911593E90EC} = {DB263883-A7E7-4DD3-924C-C760F5ACA838}
		{BE2D10A0-D603-4AFC-8829-77F6C0531096} = {DCF4CD80-8624-4568-A62E-142861F43E9A}
		{D94AD7E6-78D5-47F0-A92C-1BDB69B99C19} = {DCF4CD80-8624-4568-A62E-142861F43E9A}
		{941E6EA6-615B-4217-92E3-BD618E9ED3E0} = {DCF4CD80-8624-4568-A62E-142861F43E9A}
		{071FF2C2-339E-41F0-9676-38CDE6762D08} = {9FCA8CC0-F14A-4443-B7AA-774A1986800C}
		{29497F84-1CC1-43D9-ACEF-AECBE19F4200} = {DCF4CD80-8624-4568-A62E-142861F43E9A}
		{A72FBD9D-96D9-4448-B358-5BAEAF4CE346} = {29497F84-1CC1-43D9-ACEF-AECBE19F4200}
	EndGlobalSection
EndGlobal
